
Microsoft Visual Studio Solution File, Format Version 12.00
# Visual Studio 15
VisualStudioVersion = 15.0.26430.15
MinimumVisualStudioVersion = 10.0.40219.1
Project("{FAE04EC0-301F-11D3-BF4B-00C04F79EFBC}") = "SophtronAlexaSkill", "SophtronAlexaSkill\SophtronAlexaSkill.csproj", "{220B70A6-0F97-4E96-865A-8510EB6529A5}"
EndProject
Project("{FAE04EC0-301F-11D3-BF4B-00C04F79EFBC}") = "SophtronEntities", "..\..\SophtronClientSample\SophtronEntities\SophtronEntities.csproj", "{A0C2365D-4E5B-4DD6-A40E-5F401A1D7C0E}"
EndProject
Global
	GlobalSection(SolutionConfigurationPlatforms) = preSolution
		Debug|Any CPU = Debug|Any CPU
		Release|Any CPU = Release|Any CPU
	EndGlobalSection
	GlobalSection(ProjectConfigurationPlatforms) = postSolution
		{220B70A6-0F97-4E96-865A-8510EB6529A5}.Debug|Any CPU.ActiveCfg = Debug|Any CPU
		{220B70A6-0F97-4E96-865A-8510EB6529A5}.Debug|Any CPU.Build.0 = Debug|Any CPU
		{220B70A6-0F97-4E96-865A-8510EB6529A5}.Release|Any CPU.ActiveCfg = Release|Any CPU
		{220B70A6-0F97-4E96-865A-8510EB6529A5}.Release|Any CPU.Build.0 = Release|Any CPU
		{A0C2365D-4E5B-4DD6-A40E-5F401A1D7C0E}.Debug|Any CPU.ActiveCfg = Debug|Any CPU
		{A0C2365D-4E5B-4DD6-A40E-5F401A1D7C0E}.Debug|Any CPU.Build.0 = Debug|Any CPU
		{A0C2365D-4E5B-4DD6-A40E-5F401A1D7C0E}.Release|Any CPU.ActiveCfg = Release|Any CPU
		{A0C2365D-4E5B-4DD6-A40E-5F401A1D7C0E}.Release|Any CPU.Build.0 = Release|Any CPU
	EndGlobalSection
	GlobalSection(SolutionProperties) = preSolution
		HideSolutionNode = FALSE
	EndGlobalSection
EndGlobal
